github.com/evanw/esbuild v0.20.1 h1:ueyMIL19umCcJTSxiBH/QmPipgGt8hEDM24pdfowgEc=
github.com/evanw/esbuild v0.20.1/go.mod h1:D2vIQZqV/vIf/VRHtViaUtViZmG7o+kKmlBfVQuRi48=
github.com/google/go-cmp v0.6.0 h1:ofyhxvXcZhMsU5ulbFiLKl/XBFqE1GSq7atu8tAmTRI=
github.com/google/go-cmp v0.6.0/go.mod h1:17dUlkBOakJ0+DkrSSNjCkIjxS6bF9zb3elmeNGIjoY=
github.com/hexops/valast v1.4.4 h1:rETyycw+/L2ZVJHHNxEBgh8KUn+87WugH9MxcEv9PGs=
github.com/hexops/valast v1.4.4/go.mod h1:Jcy1pNH7LNraVaAZDLyv21hHg2WBv9Nf9FL6fGxU7o4=
github.com/ije/esbuild-internal v0.23.0 h1:H8b9yVV411GKvh5pNdaotX7aEVuApnhwBMekirpT3O0=
github.com/ije/esbuild-internal v0.23.0/go.mod h1:s7HvKZ4ZGifyzvgWpSwnJOQTr6b+bsgfNBZ8HAEwwSM=
github.com/lithammer/dedent v1.1.0 h1:VNzHMVCBNG1j0fh3OrsFRkVUwStdDArbgBWoPAffktY=
github.com/lithammer/dedent v1.1.0/go.mod h1:jrXYCQtgg0nJiN+StA2KgR7w6CiQNv9Fd/Z9BP0jIOc=
github.com/livebud/mux v0.1.1 h1:dVfnlRr4jqO5/nv8eTUHwCduQh3tcjqoyr3EzSyv6uo=
github.com/livebud/mux v0.1.1/go.mod h1:WuGtgqB2eaJee4hrPBlg17xs0WC51+WhoC5Mwp20L6s=
github.com/matryer/is v1.4.1 h1:55ehd8zaGABKLXQUe2awZ99BD/PTc2ls+KV/dXphgEQ=
github.com/matryer/is v1.4.1/go.mod h1:8I/i5uYgLzgsgEloJE1U6xx5HkBQpAZvepWuujKwMRU=
github.com/matthewmueller/css v0.0.4 h1:gvV6mBFhnfpdshrxYZYhWWwR1RnM7OF+nW7+tiSOaak=
github.com/matthewmueller/css v0.0.4/go.mod h1:+fR/nnzjQ8IffA72mTgpTPlSK/A2m1ixC+SJ2kaeM2o=
github.com/matthewmueller/diff v0.0.2 h1:AsPXHCRHDwjgURRvkHCaQp8OXkWY49lPATPTNStTU0w=
github.com/matthewmueller/diff v0.0.2/go.mod h1:8V0QzU6IE7fmlOlE7NtXAeMkjB8cI9Cx4b1B7LNrz2U=
github.com/matthewmueller/enroute v0.0.9 h1:fUiBeEy7dNn13zyqn3NNSZPx6rCnvKtCG+OEyFEm39E=
github.com/matthewmueller/enroute v0.0.9/go.mod h1:Cf1cykzrXlPLAKgbWEsflx39jGNBQ/51lyJfzBzW4S8=
github.com/matthewmueller/hackernews v0.4.0 h1:is52ih0ERlQPbDspNLD38zEl/MZJWnROCCfRINlim8g=
github.com/matthewmueller/hackernews v0.4.0/go.mod h1:LLJX9jtOV7MNmPN0AWn2E9Rg4z/9fam7iwlVVPPx75U=
github.com/sergi/go-diff v1.3.1 h1:xkr+Oxo4BOQKmkn/B9eMK0g5Kg/983T9DqqPHwYqD+8=
github.com/sergi/go-diff v1.3.1/go.mod h1:aMJSSKb2lpPvRNec0+w3fl7LP9IOFzdc9Pa4NFbPK1I=
github.com/tdewolff/parse/v2 v2.6.6 h1:Yld+0CrKUJaCV78DL1G2nk3C9lKrxyRTux5aaK/AkDo=
github.com/tdewolff/parse/v2 v2.6.6/go.mod h1:woz0cgbLwFdtbjJu8PIKxhW05KplTFQkOdX78o+Jgrs=
github.com/tdewolff/test v1.0.7 h1:8Vs0142DmPFW/bQeHRP3MV19m1gvndjUb1sn8yy74LM=
github.com/tdewolff/test v1.0.7/go.mod h1:6DAvZliBAAnD7rhVgwaM7DE5/d9NMOAJ09SqYqeK4QE=
golang.org/x/mod v0.16.0 h1:QX4fJ0Rr5cPQCF7O9lh9Se4pmwfwskqZfq5moyldzic=
golang.org/x/mod v0.16.0/go.mod h1:hTbmBsO62+eylJbnUtE2MGJUyE7QWk4xUqPFrRgJ+7c=
golang.org/x/sys v0.0.0-20220715151400-c0bba94af5f8/go.mod h1:oPkhp1MJrh7nUepCBck5+mAzfO9JrbApNNgaTdGDITg=
golang.org/x/sys v0.19.0 h1:q5f1RH2jigJ1MoAWp2KTp3gm5zAGFUTarQZ5U386+4o=
golang.org/x/sys v0.19.0/go.mod h1:/VUhepiaJMQUp4+oa/7Zr1D23ma6VTLIYjOOTFZPUcA=
golang.org/x/tools v0.19.0 h1:tfGCXNR1OsFG+sVdLAitlpjAvD/I6dHDKnYrpEZUHkw=
golang.org/x/tools v0.19.0/go.mod h1:qoJWxmGSIBmAeriMx19ogtrEPrGtDbPK634QFIcLAhc=
mvdan.cc/gofumpt v0.6.0 h1:G3QvahNDmpD+Aek/bNOLrFR2XC6ZAdo62dZu65gmwGo=
mvdan.cc/gofumpt v0.6.0/go.mod h1:4L0wf+kgIPZtcCWXynNS2e6bhmj73umwnuXSZarixzA=
